// !$*UTF8*$!
{
	archiveVersion = 1;
	classes = {
	};
	objectVersion = 50;
	objects = {

/* Begin PBXBuildFile section */
		C0801F0B246D77D3001D53CE /* AppDelegate.swift in Sources */ = {isa = PBXBuildFile; fileRef = C0801F0A246D77D3001D53CE /* AppDelegate.swift */; };
		C0801F0D246D77D3001D53CE /* SceneDelegate.swift in Sources */ = {isa = PBXBuildFile; fileRef = C0801F0C246D77D3001D53CE /* SceneDelegate.swift */; };
		C0801F12246D77D3001D53CE /* Main.storyboard in Resources */ = {isa = PBXBuildFile; fileRef = C0801F10246D77D3001D53CE /* Main.storyboard */; };
		C0801F14246D77D5001D53CE /* Assets.xcassets in Resources */ = {isa = PBXBuildFile; fileRef = C0801F13246D77D5001D53CE /* Assets.xcassets */; };
		C0801F17246D77D5001D53CE /* LaunchScreen.storyboard in Resources */ = {isa = PBXBuildFile; fileRef = C0801F15246D77D5001D53CE /* LaunchScreen.storyboard */; };
		C0801F1F246D7822001D53CE /* Emoji.swift in Sources */ = {isa = PBXBuildFile; fileRef = C0801F1E246D7822001D53CE /* Emoji.swift */; };
		C0801F21246D7916001D53CE /* EmojiTableViewController.swift in Sources */ = {isa = PBXBuildFile; fileRef = C0801F20246D7916001D53CE /* EmojiTableViewController.swift */; };
		C0801F23246D8929001D53CE /* EmojiTableViewCell.swift in Sources */ = {isa = PBXBuildFile; fileRef = C0801F22246D8929001D53CE /* EmojiTableViewCell.swift */; };
		C0801F25246ED2BE001D53CE /* AddEditEmojiTableViewController.swift in Sources */ = {isa = PBXBuildFile; fileRef = C0801F24246ED2BE001D53CE /* AddEditEmojiTableViewController.swift */; };
/* End PBXBuildFile section */

/* Begin PBXFileReference section */
		C0801F07246D77D3001D53CE /* EmojiDictionary3.app */ = {isa = PBXFileReference; explicitFileType = wrapper.application; includeInIndex = 0; path = EmojiDictionary3.app; sourceTree = BUILT_PRODUCTS_DIR; };
		C0801F0A246D77D3001D53CE /* AppDelegate.swift */ = {isa = PBXFileReference; lastKnownFileType = sourcecode.swift; path = AppDelegate.swift; sourceTree = "<group>"; };
		C0801F0C246D77D3001D53CE /* SceneDelegate.swift */ = {isa = PBXFileReference; lastKnownFileType = sourcecode.swift; path = SceneDelegate.swift; sourceTree = "<group>"; };
		C0801F11246D77D3001D53CE /* Base */ = {isa = PBXFileReference; lastKnownFileType = file.storyboard; name = Base; path = Base.lproj/Main.storyboard; sourceTree = "<group>"; };
		C0801F13246D77D5001D53CE /* Assets.xcassets */ = {isa = PBXFileReference; lastKnownFileType = folder.assetcatalog; path = Assets.xcassets; sourceTree = "<group>"; };
		C0801F16246D77D5001D53CE /* Base */ = {isa = PBXFileReference; lastKnownFileType = file.storyboard; name = Base; path = Base.lproj/LaunchScreen.storyboard; sourceTree = "<group>"; };
		C0801F18246D77D5001D53CE /* Info.plist */ = {isa = PBXFileReference; lastKnownFileType = text.plist.xml; path = Info.plist; sourceTree = "<group>"; };
		C0801F1E246D7822001D53CE /* Emoji.swift */ = {isa = PBXFileReference; lastKnownFileType = sourcecode.swift; path = Emoji.swift; sourceTree = "<group>"; };
		C0801F20246D7916001D53CE /* EmojiTableViewController.swift */ = {isa = PBXFileReference; lastKnownFileType = sourcecode.swift; path = EmojiTableViewController.swift; sourceTree = "<group>"; };
		C0801F22246D8929001D53CE /* EmojiTableViewCell.swift */ = {isa = PBXFileReference; lastKnownFileType = sourcecode.swift; path = EmojiTableViewCell.swift; sourceTree = "<group>"; };
		C0801F24246ED2BE001D53CE /* AddEditEmojiTableViewController.swift */ = {isa = PBXFileReference; lastKnownFileType = sourcecode.swift; path = AddEditEmojiTableViewController.swift; sourceTree = "<group>"; };
/* End PBXFileReference section */

/* Begin PBXFrameworksBuildPhase section */
		C0801F04246D77D3001D53CE /* Frameworks */ = {
			isa = PBXFrameworksBuildPhase;
			buildActionMask = 2147483647;
			files = (
			);
			runOnlyForDeploymentPostprocessing = 0;
		};
/* End PBXFrameworksBuildPhase section */

/* Begin PBXGroup section */
		C0801EFE246D77D3001D53CE = {
			isa = PBXGroup;
			children = (
				C0801F09246D77D3001D53CE /* EmojiDictionary3 */,
				C0801F08246D77D3001D53CE /* Products */,
			);
			sourceTree = "<group>";
		};
		C0801F08246D77D3001D53CE /* Products */ = {
			isa = PBXGroup;
			children = (
				C0801F07246D77D3001D53CE /* EmojiDictionary3.app */,
			);
			name = Products;
			sourceTree = "<group>";
		};
		C0801F09246D77D3001D53CE /* EmojiDictionary3 */ = {
			isa = PBXGroup;
			children = (
				C0801F0A246D77D3001D53CE /* AppDelegate.swift */,
				C0801F0C246D77D3001D53CE /* SceneDelegate.swift */,
				C0801F20246D7916001D53CE /* EmojiTableViewController.swift */,
				C0801F22246D8929001D53CE /* EmojiTableViewCell.swift */,
				C0801F24246ED2BE001D53CE /* AddEditEmojiTableViewController.swift */,
				C0801F10246D77D3001D53CE /* Main.storyboard */,
				C0801F13246D77D5001D53CE /* Assets.xcassets */,
				C0801F15246D77D5001D53CE /* LaunchScreen.storyboard */,
				C0801F18246D77D5001D53CE /* Info.plist */,
				C0801F1E246D7822001D53CE /* Emoji.swift */,
			);
			path = EmojiDictionary3;
			sourceTree = "<group>";
		};
/* End PBXGroup section */

/* Begin PBXNativeTarget section */
		C0801F06246D77D3001D53CE /* EmojiDictionary3 */ = {
			isa = PBXNativeTarget;
			buildConfigurationList = C0801F1B246D77D5001D53CE /* Build configuration list for PBXNativeTarget "EmojiDictionary3" */;
			buildPhases = (
				C0801F03246D77D3001D53CE /* Sources */,
				C0801F04246D77D3001D53CE /* Frameworks */,
				C0801F05246D77D3001D53CE /* Resources */,
			);
			buildRules = (
			);
			dependencies = (
			);
			name = EmojiDictionary3;
			productName = EmojiDictionary3;
			productReference = C0801F07246D77D3001D53CE /* EmojiDictionary3.app */;
			productType = "com.apple.product-type.application";
		};
/* End PBXNativeTarget section */

/* Begin PBXProject section */
		C0801EFF246D77D3001D53CE /* Project object */ = {
			isa = PBXProject;
			attributes = {
				LastSwiftUpdateCheck = 1140;
				LastUpgradeCheck = 1140;
				ORGANIZATIONNAME = Agamenon;
				TargetAttributes = {
					C0801F06246D77D3001D53CE = {
						CreatedOnToolsVersion = 11.4.1;
					};
				};
			};
			buildConfigurationList = C0801F02246D77D3001D53CE /* Build configuration list for PBXProject "EmojiDictionary3" */;
			compatibilityVersion = "Xcode 9.3";
			developmentRegion = en;
			hasScannedForEncodings = 0;
			knownRegions = (
				en,
				Base,
			);
			mainGroup = C0801EFE246D77D3001D53CE;
			productRefGroup = C0801F08246D77D3001D53CE /* Products */;
			projectDirPath = "";
			projectRoot = "";
			targets = (
				C0801F06246D77D3001D53CE /* EmojiDictionary3 */,
			);
		};
/* End PBXProject section */

/* Begin PBXResourcesBuildPhase section */
		C0801F05246D77D3001D53CE /* Resources */ = {
			isa = PBXResourcesBuildPhase;
			buildActionMask = 2147483647;
			files = (
				C0801F17246D77D5001D53CE /* LaunchScreen.storyboard in Resources */,
				C0801F14246D77D5001D53CE /* Assets.xcassets in Resources */,
				C0801F12246D77D3001D53CE /* Main.storyboard in Resources */,
			);
			runOnlyForDeploymentPostprocessing = 0;
		};
/* End PBXResourcesBuildPhase section */

/* Begin PBXSourcesBuildPhase section */
		C0801F03246D77D3001D53CE /* Sources */ = {
			isa = PBXSourcesBuildPhase;
			buildActionMask = 2147483647;
			files = (
				C0801F25246ED2BE001D53CE /* AddEditEmojiTableViewController.swift in Sources */,
				C0801F21246D7916001D53CE /* EmojiTableViewController.swift in Sources */,
				C0801F1F246D7822001D53CE /* Emoji.swift in Sources */,
				C0801F23246D8929001D53CE /* EmojiTableViewCell.swift in Sources */,
				C0801F0B246D77D3001D53CE /* AppDelegate.swift in Sources */,
				C0801F0D246D77D3001D53CE /* SceneDelegate.swift in Sources */,
			);
			runOnlyForDeploymentPostprocessing = 0;
		};
/* End PBXSourcesBuildPhase section */

/* Begin PBXVariantGroup section */
		C0801F10246D77D3001D53CE /* Main.storyboard */ = {
			isa = PBXVariantGroup;
			children = (
				C0801F11246D77D3001D53CE /* Base */,
			);
			name = Main.storyboard;
			sourceTree = "<group>";
		};
		C0801F15246D77D5001D53CE /* LaunchScreen.storyboard */ = {
			isa = PBXVariantGroup;
			children = (
				C0801F16246D77D5001D53CE /* Base */,
			);
			name = LaunchScreen.storyboard;
			sourceTree = "<group>";
		};
/* End PBXVariantGroup section */

/* Begin XCBuildConfiguration section */
		C0801F19246D77D5001D53CE /* Debug */ = {
			isa = XCBuildConfiguration;
			buildSettings = {
				ALWAYS_SEARCH_USER_PATHS = NO;
				CLANG_ANALYZER_NONNULL = YES;
				CLANG_ANALYZER_NUMBER_OBJECT_CONVERSION = YES_AGGRESSIVE;
				CLANG_CXX_LANGUAGE_STANDARD = "gnu++14";
				CLANG_CXX_LIBRARY = "libc++";
				CLANG_ENABLE_MODULES = YES;
				CLANG_ENABLE_OBJC_ARC = YES;
				CLANG_ENABLE_OBJC_WEAK = YES;
				CLANG_WARN_BLOCK_CAPTURE_AUTORELEASING = YES;
				CLANG_WARN_BOOL_CONVERSION = YES;
				CLANG_WARN_COMMA = YES;
				CLANG_WARN_CONSTANT_CONVERSION = YES;
				CLANG_WARN_DEPRECATED_OBJC_IMPLEMENTATIONS = YES;
				CLANG_WARN_DIRECT_OBJC_ISA_USAGE = YES_ERROR;
				CLANG_WARN_DOCUMENTATION_COMMENTS = YES;
				CLANG_WARN_EMPTY_BODY = YES;
				CLANG_WARN_ENUM_CONVERSION = YES;
				CLANG_WARN_INFINITE_RECURSION = YES;
				CLANG_WARN_INT_CONVERSION = YES;
				CLANG_WARN_NON_LITERAL_NULL_CONVERSION = YES;
				CLANG_WARN_OBJC_IMPLICIT_RETAIN_SELF = YES;
				CLANG_WARN_OBJC_LITERAL_CONVERSION = YES;
				CLANG_WARN_OBJC_ROOT_CLASS = YES_ERROR;
				CLANG_WARN_RANGE_LOOP_ANALYSIS = YES;
				CLANG_WARN_STRICT_PROTOTYPES = YES;
				CLANG_WARN_SUSPICIOUS_MOVE = YES;
				CLANG_WARN_UNGUARDED_AVAILABILITY = YES_AGGRESSIVE;
				CLANG_WARN_UNREACHABLE_CODE = YES;
				CLANG_WARN__DUPLICATE_METHOD_MATCH = YES;
				COPY_PHASE_STRIP = NO;
				DEBUG_INFORMATION_FORMAT = dwarf;
				ENABLE_STRICT_OBJC_MSGSEND = YES;
				ENABLE_TESTABILITY = YES;
				GCC_C_LANGUAGE_STANDARD = gnu11;
				GCC_DYNAMIC_NO_PIC = NO;
				GCC_NO_COMMON_BLOCKS = YES;
				GCC_OPTIMIZATION_LEVEL = 0;
				GCC_PREPROCESSOR_DEFINITIONS = (
					"DEBUG=1",
					"$(inherited)",
				);
				GCC_WARN_64_TO_32_BIT_CONVERSION = YES;
				GCC_WARN_ABOUT_RETURN_TYPE = YES_ERROR;
				GCC_WARN_UNDECLARED_SELECTOR = YES;
				GCC_WARN_UNINITIALIZED_AUTOS = YES_AGGRESSIVE;
				GCC_WARN_UNUSED_FUNCTION = YES;
				GCC_WARN_UNUSED_VARIABLE = YES;
				IPHONEOS_DEPLOYMENT_TARGET = 13.4;
				MTL_ENABLE_DEBUG_INFO = INCLUDE_SOURCE;
				MTL_FAST_MATH = YES;
				ONLY_ACTIVE_ARCH = YES;
				SDKROOT = iphoneos;
				SWIFT_ACTIVE_COMPILATION_CONDITIONS = DEBUG;
				SWIFT_OPTIMIZATION_LEVEL = "-Onone";
			};
			name = Debug;
		};
		C0801F1A246D77D5001D53CE /* Release */ = {
			isa = XCBuildConfiguration;
			buildSettings = {
				ALWAYS_SEARCH_USER_PATHS = NO;
				CLANG_ANALYZER_NONNULL = YES;
				CLANG_ANALYZER_NUMBER_OBJECT_CONVERSION = YES_AGGRESSIVE;
				CLANG_CXX_LANGUAGE_STANDARD = "gnu++14";
				CLANG_CXX_LIBRARY = "libc++";
				CLANG_ENABLE_MODULES = YES;
				CLANG_ENABLE_OBJC_ARC = YES;
				CLANG_ENABLE_OBJC_WEAK = YES;
				CLANG_WARN_BLOCK_CAPTURE_AUTORELEASING = YES;
				CLANG_WARN_BOOL_CONVERSION = YES;
				CLANG_WARN_COMMA = YES;
				CLANG_WARN_CONSTANT_CONVERSION = YES;
				CLANG_WARN_DEPRECATED_OBJC_IMPLEMENTATIONS = YES;
				CLANG_WARN_DIRECT_OBJC_ISA_USAGE = YES_ERROR;
				CLANG_WARN_DOCUMENTATION_COMMENTS = YES;
				CLANG_WARN_EMPTY_BODY = YES;
				CLANG_WARN_ENUM_CONVERSION = YES;
				CLANG_WARN_INFINITE_RECURSION = YES;
				CLANG_WARN_INT_CONVERSION = YES;
				CLANG_WARN_NON_LITERAL_NULL_CONVERSION = YES;
				CLANG_WARN_OBJC_IMPLICIT_RETAIN_SELF = YES;
				CLANG_WARN_OBJC_LITERAL_CONVERSION = YES;
				CLANG_WARN_OBJC_ROOT_CLASS = YES_ERROR;
				CLANG_WARN_RANGE_LOOP_ANALYSIS = YES;
				CLANG_WARN_STRICT_PROTOTYPES = YES;
				CLANG_WARN_SUSPICIOUS_MOVE = YES;
				CLANG_WARN_UNGUARDED_AVAILABILITY = YES_AGGRESSIVE;
				CLANG_WARN_UNREACHABLE_CODE = YES;
				CLANG_WARN__DUPLICATE_METHOD_MATCH = YES;
				COPY_PHASE_STRIP = NO;
				DEBUG_INFORMATION_FORMAT = "dwarf-with-dsym";
				ENABLE_NS_ASSERTIONS = NO;
				ENABLE_STRICT_OBJC_MSGSEND = YES;
				GCC_C_LANGUAGE_STANDARD = gnu11;
				GCC_NO_COMMON_BLOCKS = YES;
				GCC_WARN_64_TO_32_BIT_CONVERSION = YES;
				GCC_WARN_ABOUT_RETURN_TYPE = YES_ERROR;
				GCC_WARN_UNDECLARED_SELECTOR = YES;
				GCC_WARN_UNINITIALIZED_AUTOS = YES_AGGRESSIVE;
				GCC_WARN_UNUSED_FUNCTION = YES;
				GCC_WARN_UNUSED_VARIABLE = YES;
				IPHONEOS_DEPLOYMENT_TARGET = 13.4;
				MTL_ENABLE_DEBUG_INFO = NO;
				MTL_FAST_MATH = YES;
				SDKROOT = iphoneos;
				SWIFT_COMPILATION_MODE = wholemodule;
				SWIFT_OPTIMIZATION_LEVEL = "-O";
				VALIDATE_PRODUCT = YES;
			};
			name = Release;
		};
		C0801F1C246D77D5001D53CE /* Debug */ = {
			isa = XCBuildConfiguration;
			buildSettings = {
				ASSETCATALOG_COMPILER_APPICON_NAME = AppIcon;
				CODE_SIGN_STYLE = Automatic;
				INFOPLIST_FILE = EmojiDictionary3/Info.plist;
				LD_RUNPATH_SEARCH_PATHS = (
					"$(inherited)",
					"@executable_path/Frameworks",
				);
				PRODUCT_BUNDLE_IDENTIFIER = com.ciccc.EmojiDictionary3;
				PRODUCT_NAME = "$(TARGET_NAME)";
				SWIFT_VERSION = 5.0;
				TARGETED_DEVICE_FAMILY = "1,2";
			};
			name = Debug;
		};
		C0801F1D246D77D5001D53CE /* Release */ = {
			isa = XCBuildConfiguration;
			buildSettings = {
				ASSETCATALOG_COMPILER_APPICON_NAME = AppIcon;
				CODE_SIGN_STYLE = Automatic;
				INFOPLIST_FILE = EmojiDictionary3/Info.plist;
				LD_RUNPATH_SEARCH_PATHS = (
					"$(inherited)",
					"@executable_path/Frameworks",
				);
				PRODUCT_BUNDLE_IDENTIFIER = com.ciccc.EmojiDictionary3;
				PRODUCT_NAME = "$(TARGET_NAME)";
				SWIFT_VERSION = 5.0;
				TARGETED_DEVICE_FAMILY = "1,2";
			};
			name = Release;
		};
/* End XCBuildConfiguration section */

/* Begin XCConfigurationList section */
		C0801F02246D77D3001D53CE /* Build configuration list for PBXProject "EmojiDictionary3" */ = {
			isa = XCConfigurationList;
			buildConfigurations = (
				C0801F19246D77D5001D53CE /* Debug */,
				C0801F1A246D77D5001D53CE /* Release */,
			);
			defaultConfigurationIsVisible = 0;
			defaultConfigurationName = Release;
		};
		C0801F1B246D77D5001D53CE /* Build configuration list for PBXNativeTarget "EmojiDictionary3" */ = {
			isa = XCConfigurationList;
			buildConfigurations = (
				C0801F1C246D77D5001D53CE /* Debug */,
				C0801F1D246D77D5001D53CE /* Release */,
			);
			defaultConfigurationIsVisible = 0;
			defaultConfigurationName = Release;
		};
/* End XCConfigurationList section */
	};
	rootObject = C0801EFF246D77D3001D53CE /* Project object */;
}
